
Microsoft Visual Studio Solution File, Format Version 12.00
# Visual Studio Version 16
VisualStudioVersion = 16.0.30804.86
MinimumVisualStudioVersion = 10.0.40219.1
Project("{FAE04EC0-301F-11D3-BF4B-00C04F79EFBC}") = "ReviewOfCSharp", "ReviewOfCSharp.csproj", "{5EAB24FE-3A26-4293-BF94-4288BF60030E}"
EndProject
Project("{FAE04EC0-301F-11D3-BF4B-00C04F79EFBC}") = "Lab03-Testing", "..\Lab03-Testing\Lab03-Testing.csproj", "{ECF29375-E6EC-46EE-8A7E-43149A8D06ED}"
EndProject
Project("{2150E333-8FDC-42A3-9474-1A3956D46DE8}") = "Solution Items", "Solution Items", "{C2C18A43-1DAC-42A6-BDD7-A9EB6E07A4FE}"
	ProjectSection(SolutionItems) = preProject
		words.txt = words.txt
	EndProjectSection
EndProject
Global
	GlobalSection(SolutionConfigurationPlatforms) = preSolution
		Debug|Any CPU = Debug|Any CPU
		Release|Any CPU = Release|Any CPU
	EndGlobalSection
	GlobalSection(ProjectConfigurationPlatforms) = postSolution
		{5EAB24FE-3A26-4293-BF94-4288BF60030E}.Debug|Any CPU.ActiveCfg = Debug|Any CPU
		{5EAB24FE-3A26-4293-BF94-4288BF60030E}.Debug|Any CPU.Build.0 = Debug|Any CPU
		{5EAB24FE-3A26-4293-BF94-4288BF60030E}.Release|Any CPU.ActiveCfg = Release|Any CPU
		{5EAB24FE-3A26-4293-BF94-4288BF60030E}.Release|Any CPU.Build.0 = Release|Any CPU
		{ECF29375-E6EC-46EE-8A7E-43149A8D06ED}.Debug|Any CPU.ActiveCfg = Debug|Any CPU
		{ECF29375-E6EC-46EE-8A7E-43149A8D06ED}.Debug|Any CPU.Build.0 = Debug|Any CPU
		{ECF29375-E6EC-46EE-8A7E-43149A8D06ED}.Release|Any CPU.ActiveCfg = Release|Any CPU
		{ECF29375-E6EC-46EE-8A7E-43149A8D06ED}.Release|Any CPU.Build.0 = Release|Any CPU
	EndGlobalSection
	GlobalSection(SolutionProperties) = preSolution
		HideSolutionNode = FALSE
	EndGlobalSection
	GlobalSection(ExtensibilityGlobals) = postSolution
		SolutionGuid = {E29D44FC-9FAF-4405-8614-8742F919D351}
	EndGlobalSection
EndGlobal
